{
  "version": "v1",
  "packages": {
    "@gooddollar/goodprotocol": {
      "signature": "77880dc62861233879610d9e9f3856dd"
    },
    "@gooddollar/web3sdk": {
      "signature": "ae298e0bea07b1c18bf5738227c71bac"
    },
    "@gooddollar/web3sdk-v2": {
      "signature": "90b23ae24f7b22be9e93487dc0147b68"
    }
  }
}